
Microsoft Visual Studio Solution File, Format Version 12.00
Project("{FAE04EC0-301F-11D3-BF4B-00C04F79EFBC}") = "Streamline.Core", "Streamline.Core\Streamline.Core.csproj", "{DFA59499-BCEB-43EC-8352-75F02F5196AB}"
EndProject
Global
	GlobalSection(SolutionConfigurationPlatforms) = preSolution
		Debug|Any CPU = Debug|Any CPU
		Release|Any CPU = Release|Any CPU
	EndGlobalSection
	GlobalSection(ProjectConfigurationPlatforms) = postSolution
		{DFA59499-BCEB-43EC-8352-75F02F5196AB}.Debug|Any CPU.ActiveCfg = Debug|Any CPU
		{DFA59499-BCEB-43EC-8352-75F02F5196AB}.Debug|Any CPU.Build.0 = Debug|Any CPU
		{DFA59499-BCEB-43EC-8352-75F02F5196AB}.Release|Any CPU.ActiveCfg = Release|Any CPU
		{DFA59499-BCEB-43EC-8352-75F02F5196AB}.Release|Any CPU.Build.0 = Release|Any CPU
	EndGlobalSection
EndGlobal
