
Microsoft Visual Studio Solution File, Format Version 12.00
Project("{FAE04EC0-301F-11D3-BF4B-00C04F79EFBC}") = "Streamline.Core", "Streamline.Core\Streamline.Core.csproj", "{98415284-1385-4B99-9BAA-3EE0A61191A1}"
EndProject
Project("{FAE04EC0-301F-11D3-BF4B-00C04F79EFBC}") = "Streamline.Tests", "Streamline.Tests\Streamline.Tests.csproj", "{68DE2324-6B1F-42C7-B4C7-ABA9AFB25BFC}"
EndProject
Global
	GlobalSection(SolutionConfigurationPlatforms) = preSolution
		Debug|Any CPU = Debug|Any CPU
		Release|Any CPU = Release|Any CPU
	EndGlobalSection
	GlobalSection(ProjectConfigurationPlatforms) = postSolution
		{98415284-1385-4B99-9BAA-3EE0A61191A1}.Debug|Any CPU.ActiveCfg = Debug|Any CPU
		{98415284-1385-4B99-9BAA-3EE0A61191A1}.Debug|Any CPU.Build.0 = Debug|Any CPU
		{98415284-1385-4B99-9BAA-3EE0A61191A1}.Release|Any CPU.ActiveCfg = Release|Any CPU
		{98415284-1385-4B99-9BAA-3EE0A61191A1}.Release|Any CPU.Build.0 = Release|Any CPU
		{68DE2324-6B1F-42C7-B4C7-ABA9AFB25BFC}.Debug|Any CPU.ActiveCfg = Debug|Any CPU
		{68DE2324-6B1F-42C7-B4C7-ABA9AFB25BFC}.Debug|Any CPU.Build.0 = Debug|Any CPU
		{68DE2324-6B1F-42C7-B4C7-ABA9AFB25BFC}.Release|Any CPU.ActiveCfg = Release|Any CPU
		{68DE2324-6B1F-42C7-B4C7-ABA9AFB25BFC}.Release|Any CPU.Build.0 = Release|Any CPU
	EndGlobalSection
EndGlobal
